
Microsoft Visual Studio Solution File, Format Version 12.00
# Visual Studio Version 17
VisualStudioVersion = 17.5.002.0
MinimumVisualStudioVersion = 10.0.40219.1
Project("{9A19103F-16F7-4668-BE54-9A1E7A4F7556}") = ".net-init", ".net-init.csproj", "{0EC8DA45-6756-40D0-B081-1E55E9EAC89B}"
EndProject
Project("{2150E333-8FDC-42A3-9474-1A3956D46DE8}") = "Files", "Files", "{F43851BD-557B-415E-9B6F-875711376DC7}"
EndProject
Project("{9A19103F-16F7-4668-BE54-9A1E7A4F7556}") = "CreateFiles", "Files\CreateFiles\CreateFiles.csproj", "{FCFB7789-C4A6-4101-8555-2EA2D8838B24}"
EndProject
Project("{9A19103F-16F7-4668-BE54-9A1E7A4F7556}") = "Directories", "Files\Directories\Directories.csproj", "{C7B91ED9-FA03-45BA-A842-8C786F102FA0}"
EndProject
Project("{9A19103F-16F7-4668-BE54-9A1E7A4F7556}") = "FileInfo", "Files\FileInfo\FileInfo.csproj", "{5C51F617-9191-4B5E-9B5F-1DBF8976F7C3}"
EndProject
Project("{9A19103F-16F7-4668-BE54-9A1E7A4F7556}") = "ReadWriteFiles", "Files\ReadWriteFiles\ReadWriteFiles.csproj", "{76E38C27-ECC3-46E3-8F5C-4C3EE8C1876F}"
EndProject
Project("{2150E333-8FDC-42A3-9474-1A3956D46DE8}") = "NumbersDates", "NumbersDates", "{7AF293F4-D3D7-4F2C-8A67-72D06652AD3C}"
EndProject
Project("{9A19103F-16F7-4668-BE54-9A1E7A4F7556}") = "DateTimeClass", "NumbersDates\DateTimeClass\DateTimeClass.csproj", "{6BBF1418-52D3-4F83-A758-DA46D524FDCF}"
EndProject
Project("{9A19103F-16F7-4668-BE54-9A1E7A4F7556}") = "FormatDates", "NumbersDates\FormatDates\FormatDates.csproj", "{C94FCDD6-D178-43F5-9476-42F022F92B14}"
EndProject
Project("{9A19103F-16F7-4668-BE54-9A1E7A4F7556}") = "FormatNumbers", "NumbersDates\FormatNumbers\FormatNumbers.csproj", "{DBD52216-C9FB-42EB-9AAF-5E744580599A}"
EndProject
Project("{9A19103F-16F7-4668-BE54-9A1E7A4F7556}") = "ParseDates", "NumbersDates\ParseDates\ParseDates.csproj", "{AB5C9E1A-1028-464C-B341-64C11C2BBF4D}"
EndProject
Project("{9A19103F-16F7-4668-BE54-9A1E7A4F7556}") = "ParseNumbers", "NumbersDates\ParseNumbers\ParseNumbers.csproj", "{C4F45B72-6F01-4032-83F2-306DF39522ED}"
EndProject
Project("{2150E333-8FDC-42A3-9474-1A3956D46DE8}") = "Overview", "Overview", "{2AC18DAC-9923-4C26-A332-EA61D69781AD}"
EndProject
Project("{9A19103F-16F7-4668-BE54-9A1E7A4F7556}") = "DataTypes", "Overview\DataTypes\DataTypes.csproj", "{5CAD6564-7692-4494-98E8-91D4083397BD}"
EndProject
Project("{9A19103F-16F7-4668-BE54-9A1E7A4F7556}") = "GarbageCollect", "Overview\GarbageCollect\GarbageCollect.csproj", "{F0CC6D68-7EDE-4E45-97D9-32A7843B6D57}"
EndProject
Project("{9A19103F-16F7-4668-BE54-9A1E7A4F7556}") = "MyConsoleApp", "Overview\MyConsoleApp\MyConsoleApp.csproj", "{7B4E3F90-5432-4757-9A40-7B316F16BA5D}"
EndProject
Project("{2150E333-8FDC-42A3-9474-1A3956D46DE8}") = "Regex", "Regex", "{64C7E40C-BB05-4AD8-8E56-B3E5A598C9A6}"
EndProject
Project("{9A19103F-16F7-4668-BE54-9A1E7A4F7556}") = "Finding", "Regex\Finding\Finding.csproj", "{ACF80139-6017-4ADB-A001-CA600A10E93D}"
EndProject
Project("{9A19103F-16F7-4668-BE54-9A1E7A4F7556}") = "Replacing", "Regex\Replacing\Replacing.csproj", "{B9BBCD3B-B118-4A6E-95D1-004C09369284}"
EndProject
Project("{9A19103F-16F7-4668-BE54-9A1E7A4F7556}") = "RegexTimeouts", "Regex\Timeouts\RegexTimeouts.csproj", "{1D629113-8F76-4020-98EB-01BA65216E75}"
EndProject
Project("{2150E333-8FDC-42A3-9474-1A3956D46DE8}") = "Strings", "Strings", "{20A371BF-5863-45C8-80EB-418D645E8E78}"
EndProject
Project("{9A19103F-16F7-4668-BE54-9A1E7A4F7556}") = "Formatting", "Strings\Formatting\Formatting.csproj", "{DB21EE1D-F17B-43B4-9BF5-1F7C59403312}"
EndProject
Project("{9A19103F-16F7-4668-BE54-9A1E7A4F7556}") = "Interpolation", "Strings\Interpolation\Interpolation.csproj", "{DA84ADA7-9CE2-4C03-AEE4-28FDBB44C746}"
EndProject
Project("{9A19103F-16F7-4668-BE54-9A1E7A4F7556}") = "Manipulation", "Strings\Manipulation\Manipulation.csproj", "{FBCD0D7F-B3AB-4428-9A31-A84A684A1868}"
EndProject
Project("{9A19103F-16F7-4668-BE54-9A1E7A4F7556}") = "Searching", "Strings\Searching\Searching.csproj", "{5618E075-9482-4215-9563-191770A5B0E2}"
EndProject
Global
	GlobalSection(SolutionConfigurationPlatforms) = preSolution
		Debug|Any CPU = Debug|Any CPU
		Release|Any CPU = Release|Any CPU
	EndGlobalSection
	GlobalSection(ProjectConfigurationPlatforms) = postSolution
		{0EC8DA45-6756-40D0-B081-1E55E9EAC89B}.Debug|Any CPU.ActiveCfg = Debug|Any CPU
		{0EC8DA45-6756-40D0-B081-1E55E9EAC89B}.Debug|Any CPU.Build.0 = Debug|Any CPU
		{0EC8DA45-6756-40D0-B081-1E55E9EAC89B}.Release|Any CPU.ActiveCfg = Release|Any CPU
		{0EC8DA45-6756-40D0-B081-1E55E9EAC89B}.Release|Any CPU.Build.0 = Release|Any CPU
		{FCFB7789-C4A6-4101-8555-2EA2D8838B24}.Debug|Any CPU.ActiveCfg = Debug|Any CPU
		{FCFB7789-C4A6-4101-8555-2EA2D8838B24}.Debug|Any CPU.Build.0 = Debug|Any CPU
		{FCFB7789-C4A6-4101-8555-2EA2D8838B24}.Release|Any CPU.ActiveCfg = Release|Any CPU
		{FCFB7789-C4A6-4101-8555-2EA2D8838B24}.Release|Any CPU.Build.0 = Release|Any CPU
		{C7B91ED9-FA03-45BA-A842-8C786F102FA0}.Debug|Any CPU.ActiveCfg = Debug|Any CPU
		{C7B91ED9-FA03-45BA-A842-8C786F102FA0}.Debug|Any CPU.Build.0 = Debug|Any CPU
		{C7B91ED9-FA03-45BA-A842-8C786F102FA0}.Release|Any CPU.ActiveCfg = Release|Any CPU
		{C7B91ED9-FA03-45BA-A842-8C786F102FA0}.Release|Any CPU.Build.0 = Release|Any CPU
		{5C51F617-9191-4B5E-9B5F-1DBF8976F7C3}.Debug|Any CPU.ActiveCfg = Debug|Any CPU
		{5C51F617-9191-4B5E-9B5F-1DBF8976F7C3}.Debug|Any CPU.Build.0 = Debug|Any CPU
		{5C51F617-9191-4B5E-9B5F-1DBF8976F7C3}.Release|Any CPU.ActiveCfg = Release|Any CPU
		{5C51F617-9191-4B5E-9B5F-1DBF8976F7C3}.Release|Any CPU.Build.0 = Release|Any CPU
		{76E38C27-ECC3-46E3-8F5C-4C3EE8C1876F}.Debug|Any CPU.ActiveCfg = Debug|Any CPU
		{76E38C27-ECC3-46E3-8F5C-4C3EE8C1876F}.Debug|Any CPU.Build.0 = Debug|Any CPU
		{76E38C27-ECC3-46E3-8F5C-4C3EE8C1876F}.Release|Any CPU.ActiveCfg = Release|Any CPU
		{76E38C27-ECC3-46E3-8F5C-4C3EE8C1876F}.Release|Any CPU.Build.0 = Release|Any CPU
		{6BBF1418-52D3-4F83-A758-DA46D524FDCF}.Debug|Any CPU.ActiveCfg = Debug|Any CPU
		{6BBF1418-52D3-4F83-A758-DA46D524FDCF}.Debug|Any CPU.Build.0 = Debug|Any CPU
		{6BBF1418-52D3-4F83-A758-DA46D524FDCF}.Release|Any CPU.ActiveCfg = Release|Any CPU
		{6BBF1418-52D3-4F83-A758-DA46D524FDCF}.Release|Any CPU.Build.0 = Release|Any CPU
		{C94FCDD6-D178-43F5-9476-42F022F92B14}.Debug|Any CPU.ActiveCfg = Debug|Any CPU
		{C94FCDD6-D178-43F5-9476-42F022F92B14}.Debug|Any CPU.Build.0 = Debug|Any CPU
		{C94FCDD6-D178-43F5-9476-42F022F92B14}.Release|Any CPU.ActiveCfg = Release|Any CPU
		{C94FCDD6-D178-43F5-9476-42F022F92B14}.Release|Any CPU.Build.0 = Release|Any CPU
		{DBD52216-C9FB-42EB-9AAF-5E744580599A}.Debug|Any CPU.ActiveCfg = Debug|Any CPU
		{DBD52216-C9FB-42EB-9AAF-5E744580599A}.Debug|Any CPU.Build.0 = Debug|Any CPU
		{DBD52216-C9FB-42EB-9AAF-5E744580599A}.Release|Any CPU.ActiveCfg = Release|Any CPU
		{DBD52216-C9FB-42EB-9AAF-5E744580599A}.Release|Any CPU.Build.0 = Release|Any CPU
		{AB5C9E1A-1028-464C-B341-64C11C2BBF4D}.Debug|Any CPU.ActiveCfg = Debug|Any CPU
		{AB5C9E1A-1028-464C-B341-64C11C2BBF4D}.Debug|Any CPU.Build.0 = Debug|Any CPU
		{AB5C9E1A-1028-464C-B341-64C11C2BBF4D}.Release|Any CPU.ActiveCfg = Release|Any CPU
		{AB5C9E1A-1028-464C-B341-64C11C2BBF4D}.Release|Any CPU.Build.0 = Release|Any CPU
		{C4F45B72-6F01-4032-83F2-306DF39522ED}.Debug|Any CPU.ActiveCfg = Debug|Any CPU
		{C4F45B72-6F01-4032-83F2-306DF39522ED}.Debug|Any CPU.Build.0 = Debug|Any CPU
		{C4F45B72-6F01-4032-83F2-306DF39522ED}.Release|Any CPU.ActiveCfg = Release|Any CPU
		{C4F45B72-6F01-4032-83F2-306DF39522ED}.Release|Any CPU.Build.0 = Release|Any CPU
		{5CAD6564-7692-4494-98E8-91D4083397BD}.Debug|Any CPU.ActiveCfg = Debug|Any CPU
		{5CAD6564-7692-4494-98E8-91D4083397BD}.Debug|Any CPU.Build.0 = Debug|Any CPU
		{5CAD6564-7692-4494-98E8-91D4083397BD}.Release|Any CPU.ActiveCfg = Release|Any CPU
		{5CAD6564-7692-4494-98E8-91D4083397BD}.Release|Any CPU.Build.0 = Release|Any CPU
		{F0CC6D68-7EDE-4E45-97D9-32A7843B6D57}.Debug|Any CPU.ActiveCfg = Debug|Any CPU
		{F0CC6D68-7EDE-4E45-97D9-32A7843B6D57}.Debug|Any CPU.Build.0 = Debug|Any CPU
		{F0CC6D68-7EDE-4E45-97D9-32A7843B6D57}.Release|Any CPU.ActiveCfg = Release|Any CPU
		{F0CC6D68-7EDE-4E45-97D9-32A7843B6D57}.Release|Any CPU.Build.0 = Release|Any CPU
		{7B4E3F90-5432-4757-9A40-7B316F16BA5D}.Debug|Any CPU.ActiveCfg = Debug|Any CPU
		{7B4E3F90-5432-4757-9A40-7B316F16BA5D}.Debug|Any CPU.Build.0 = Debug|Any CPU
		{7B4E3F90-5432-4757-9A40-7B316F16BA5D}.Release|Any CPU.ActiveCfg = Release|Any CPU
		{7B4E3F90-5432-4757-9A40-7B316F16BA5D}.Release|Any CPU.Build.0 = Release|Any CPU
		{ACF80139-6017-4ADB-A001-CA600A10E93D}.Debug|Any CPU.ActiveCfg = Debug|Any CPU
		{ACF80139-6017-4ADB-A001-CA600A10E93D}.Debug|Any CPU.Build.0 = Debug|Any CPU
		{ACF80139-6017-4ADB-A001-CA600A10E93D}.Release|Any CPU.ActiveCfg = Release|Any CPU
		{ACF80139-6017-4ADB-A001-CA600A10E93D}.Release|Any CPU.Build.0 = Release|Any CPU
		{B9BBCD3B-B118-4A6E-95D1-004C09369284}.Debug|Any CPU.ActiveCfg = Debug|Any CPU
		{B9BBCD3B-B118-4A6E-95D1-004C09369284}.Debug|Any CPU.Build.0 = Debug|Any CPU
		{B9BBCD3B-B118-4A6E-95D1-004C09369284}.Release|Any CPU.ActiveCfg = Release|Any CPU
		{B9BBCD3B-B118-4A6E-95D1-004C09369284}.Release|Any CPU.Build.0 = Release|Any CPU
		{1D629113-8F76-4020-98EB-01BA65216E75}.Debug|Any CPU.ActiveCfg = Debug|Any CPU
		{1D629113-8F76-4020-98EB-01BA65216E75}.Debug|Any CPU.Build.0 = Debug|Any CPU
		{1D629113-8F76-4020-98EB-01BA65216E75}.Release|Any CPU.ActiveCfg = Release|Any CPU
		{1D629113-8F76-4020-98EB-01BA65216E75}.Release|Any CPU.Build.0 = Release|Any CPU
		{DB21EE1D-F17B-43B4-9BF5-1F7C59403312}.Debug|Any CPU.ActiveCfg = Debug|Any CPU
		{DB21EE1D-F17B-43B4-9BF5-1F7C59403312}.Debug|Any CPU.Build.0 = Debug|Any CPU
		{DB21EE1D-F17B-43B4-9BF5-1F7C59403312}.Release|Any CPU.ActiveCfg = Release|Any CPU
		{DB21EE1D-F17B-43B4-9BF5-1F7C59403312}.Release|Any CPU.Build.0 = Release|Any CPU
		{DA84ADA7-9CE2-4C03-AEE4-28FDBB44C746}.Debug|Any CPU.ActiveCfg = Debug|Any CPU
		{DA84ADA7-9CE2-4C03-AEE4-28FDBB44C746}.Debug|Any CPU.Build.0 = Debug|Any CPU
		{DA84ADA7-9CE2-4C03-AEE4-28FDBB44C746}.Release|Any CPU.ActiveCfg = Release|Any CPU
		{DA84ADA7-9CE2-4C03-AEE4-28FDBB44C746}.Release|Any CPU.Build.0 = Release|Any CPU
		{FBCD0D7F-B3AB-4428-9A31-A84A684A1868}.Debug|Any CPU.ActiveCfg = Debug|Any CPU
		{FBCD0D7F-B3AB-4428-9A31-A84A684A1868}.Debug|Any CPU.Build.0 = Debug|Any CPU
		{FBCD0D7F-B3AB-4428-9A31-A84A684A1868}.Release|Any CPU.ActiveCfg = Release|Any CPU
		{FBCD0D7F-B3AB-4428-9A31-A84A684A1868}.Release|Any CPU.Build.0 = Release|Any CPU
		{5618E075-9482-4215-9563-191770A5B0E2}.Debug|Any CPU.ActiveCfg = Debug|Any CPU
		{5618E075-9482-4215-9563-191770A5B0E2}.Debug|Any CPU.Build.0 = Debug|Any CPU
		{5618E075-9482-4215-9563-191770A5B0E2}.Release|Any CPU.ActiveCfg = Release|Any CPU
		{5618E075-9482-4215-9563-191770A5B0E2}.Release|Any CPU.Build.0 = Release|Any CPU
	EndGlobalSection
	GlobalSection(SolutionProperties) = preSolution
		HideSolutionNode = FALSE
	EndGlobalSection
	GlobalSection(NestedProjects) = preSolution
		{FCFB7789-C4A6-4101-8555-2EA2D8838B24} = {F43851BD-557B-415E-9B6F-875711376DC7}
		{C7B91ED9-FA03-45BA-A842-8C786F102FA0} = {F43851BD-557B-415E-9B6F-875711376DC7}
		{5C51F617-9191-4B5E-9B5F-1DBF8976F7C3} = {F43851BD-557B-415E-9B6F-875711376DC7}
		{76E38C27-ECC3-46E3-8F5C-4C3EE8C1876F} = {F43851BD-557B-415E-9B6F-875711376DC7}
		{6BBF1418-52D3-4F83-A758-DA46D524FDCF} = {7AF293F4-D3D7-4F2C-8A67-72D06652AD3C}
		{C94FCDD6-D178-43F5-9476-42F022F92B14} = {7AF293F4-D3D7-4F2C-8A67-72D06652AD3C}
		{DBD52216-C9FB-42EB-9AAF-5E744580599A} = {7AF293F4-D3D7-4F2C-8A67-72D06652AD3C}
		{AB5C9E1A-1028-464C-B341-64C11C2BBF4D} = {7AF293F4-D3D7-4F2C-8A67-72D06652AD3C}
		{C4F45B72-6F01-4032-83F2-306DF39522ED} = {7AF293F4-D3D7-4F2C-8A67-72D06652AD3C}
		{5CAD6564-7692-4494-98E8-91D4083397BD} = {2AC18DAC-9923-4C26-A332-EA61D69781AD}
		{F0CC6D68-7EDE-4E45-97D9-32A7843B6D57} = {2AC18DAC-9923-4C26-A332-EA61D69781AD}
		{7B4E3F90-5432-4757-9A40-7B316F16BA5D} = {2AC18DAC-9923-4C26-A332-EA61D69781AD}
		{ACF80139-6017-4ADB-A001-CA600A10E93D} = {64C7E40C-BB05-4AD8-8E56-B3E5A598C9A6}
		{B9BBCD3B-B118-4A6E-95D1-004C09369284} = {64C7E40C-BB05-4AD8-8E56-B3E5A598C9A6}
		{1D629113-8F76-4020-98EB-01BA65216E75} = {64C7E40C-BB05-4AD8-8E56-B3E5A598C9A6}
		{DB21EE1D-F17B-43B4-9BF5-1F7C59403312} = {20A371BF-5863-45C8-80EB-418D645E8E78}
		{DA84ADA7-9CE2-4C03-AEE4-28FDBB44C746} = {20A371BF-5863-45C8-80EB-418D645E8E78}
		{FBCD0D7F-B3AB-4428-9A31-A84A684A1868} = {20A371BF-5863-45C8-80EB-418D645E8E78}
		{5618E075-9482-4215-9563-191770A5B0E2} = {20A371BF-5863-45C8-80EB-418D645E8E78}
	EndGlobalSection
	GlobalSection(ExtensibilityGlobals) = postSolution
		SolutionGuid = {8F236C1A-A429-430A-8896-E20D37E1F87D}
	EndGlobalSection
EndGlobal
