
Microsoft Visual Studio Solution File, Format Version 12.00
# Visual Studio Version 17
VisualStudioVersion = 17.5.002.0
MinimumVisualStudioVersion = 10.0.40219.1
Project("{9A19103F-16F7-4668-BE54-9A1E7A4F7556}") = ".net-init", ".net-init.csproj", "{FBDFBC17-FE1A-4565-888C-AB2B08E168DD}"
EndProject
Project("{9A19103F-16F7-4668-BE54-9A1E7A4F7556}") = "FizzBuzz", "FizzBuzz\FizzBuzz.csproj", "{6E3C8310-6F3C-4A55-869F-D47F6C3A3E35}"
EndProject
Project("{9A19103F-16F7-4668-BE54-9A1E7A4F7556}") = "OOP", "OOP\OOP.csproj", "{394D83B6-29E6-4DD1-8656-38D4289C40DF}"
EndProject
Project("{9A19103F-16F7-4668-BE54-9A1E7A4F7556}") = "WebApplication", "WebApplication\WebApplication.csproj", "{DBBD0BD1-6D20-4039-B573-B22275D732C5}"
EndProject
Project("{2150E333-8FDC-42A3-9474-1A3956D46DE8}") = "Files", "Files", "{3EDD4B9D-8D73-4BCC-A27E-AA8D83C075C0}"
EndProject
Project("{9A19103F-16F7-4668-BE54-9A1E7A4F7556}") = "CreateFiles", "Files\CreateFiles\CreateFiles.csproj", "{B742C00C-643C-408D-9908-B7BCF4460E92}"
EndProject
Project("{9A19103F-16F7-4668-BE54-9A1E7A4F7556}") = "Directories", "Files\Directories\Directories.csproj", "{1382DB4C-F3A3-45E7-A6EA-1FBD2C713D3B}"
EndProject
Project("{9A19103F-16F7-4668-BE54-9A1E7A4F7556}") = "FileInfo", "Files\FileInfo\FileInfo.csproj", "{1BD60548-4C57-4DA4-B2BB-E2BF7003FA62}"
EndProject
Project("{9A19103F-16F7-4668-BE54-9A1E7A4F7556}") = "ReadWriteFiles", "Files\ReadWriteFiles\ReadWriteFiles.csproj", "{CCBF0D16-A397-49D3-A412-E8A1F1E50773}"
EndProject
Project("{2150E333-8FDC-42A3-9474-1A3956D46DE8}") = "NumbersDates", "NumbersDates", "{1B32B6A6-A7F4-452F-BE88-372F04F9110C}"
EndProject
Project("{9A19103F-16F7-4668-BE54-9A1E7A4F7556}") = "DateTimeClass", "NumbersDates\DateTimeClass\DateTimeClass.csproj", "{E70F3D44-B3AE-4467-A9C5-81FEE5D7608B}"
EndProject
Project("{9A19103F-16F7-4668-BE54-9A1E7A4F7556}") = "FormatDates", "NumbersDates\FormatDates\FormatDates.csproj", "{6C39B469-C39F-41E9-BD8A-C432391F3A2F}"
EndProject
Project("{9A19103F-16F7-4668-BE54-9A1E7A4F7556}") = "FormatNumbers", "NumbersDates\FormatNumbers\FormatNumbers.csproj", "{8A28BEE8-6696-48F1-B16B-8938C19D5C3F}"
EndProject
Project("{9A19103F-16F7-4668-BE54-9A1E7A4F7556}") = "ParseDates", "NumbersDates\ParseDates\ParseDates.csproj", "{4AF32821-8B9A-4A8B-9587-F781B7781E61}"
EndProject
Project("{9A19103F-16F7-4668-BE54-9A1E7A4F7556}") = "ParseNumbers", "NumbersDates\ParseNumbers\ParseNumbers.csproj", "{F42A3B29-22A3-4535-A931-78C7E76BACC7}"
EndProject
Project("{2150E333-8FDC-42A3-9474-1A3956D46DE8}") = "Overview", "Overview", "{73EA173D-04C2-486B-8C3B-6B868BF7448E}"
EndProject
Project("{9A19103F-16F7-4668-BE54-9A1E7A4F7556}") = "DataTypes", "Overview\DataTypes\DataTypes.csproj", "{DFDBDEF1-35F1-4AFC-B43C-C07FA8D94A32}"
EndProject
Project("{9A19103F-16F7-4668-BE54-9A1E7A4F7556}") = "GarbageCollect", "Overview\GarbageCollect\GarbageCollect.csproj", "{5ED56971-A61B-410B-885A-EB5BFBD148A8}"
EndProject
Project("{9A19103F-16F7-4668-BE54-9A1E7A4F7556}") = "MyConsoleApp", "Overview\MyConsoleApp\MyConsoleApp.csproj", "{EBF02C1D-6902-42B4-B1B6-EBC6D167E89F}"
EndProject
Project("{2150E333-8FDC-42A3-9474-1A3956D46DE8}") = "Regex", "Regex", "{324D0796-FC44-4751-87D8-75FB7A407A86}"
EndProject
Project("{9A19103F-16F7-4668-BE54-9A1E7A4F7556}") = "Finding", "Regex\Finding\Finding.csproj", "{788FB2B4-8FA4-43D7-85D7-484193F3F89F}"
EndProject
Project("{9A19103F-16F7-4668-BE54-9A1E7A4F7556}") = "Replacing", "Regex\Replacing\Replacing.csproj", "{F0A93A7C-BFCF-40CE-92FA-4EEBDA228FD6}"
EndProject
Project("{9A19103F-16F7-4668-BE54-9A1E7A4F7556}") = "RegexTimeouts", "Regex\Timeouts\RegexTimeouts.csproj", "{1F4CEC0D-5997-495F-BB79-EB47E902782F}"
EndProject
Project("{2150E333-8FDC-42A3-9474-1A3956D46DE8}") = "Strings", "Strings", "{FBB282AC-03AA-4E19-978A-8B40A2B1E57B}"
EndProject
Project("{9A19103F-16F7-4668-BE54-9A1E7A4F7556}") = "Formatting", "Strings\Formatting\Formatting.csproj", "{E6DC537D-9439-4797-B8F3-A7B376A58B5B}"
EndProject
Project("{9A19103F-16F7-4668-BE54-9A1E7A4F7556}") = "Interpolation", "Strings\Interpolation\Interpolation.csproj", "{6739A90C-88BF-4E77-86E1-3426ED2FAED6}"
EndProject
Project("{9A19103F-16F7-4668-BE54-9A1E7A4F7556}") = "Manipulation", "Strings\Manipulation\Manipulation.csproj", "{79F67C68-A7FA-4BE6-9E1E-C8B726ECB0FE}"
EndProject
Project("{9A19103F-16F7-4668-BE54-9A1E7A4F7556}") = "Searching", "Strings\Searching\Searching.csproj", "{0F90AF90-33F5-487B-9379-B5F845C3A2B6}"
EndProject
Global
	GlobalSection(SolutionConfigurationPlatforms) = preSolution
		Debug|Any CPU = Debug|Any CPU
		Release|Any CPU = Release|Any CPU
	EndGlobalSection
	GlobalSection(ProjectConfigurationPlatforms) = postSolution
		{FBDFBC17-FE1A-4565-888C-AB2B08E168DD}.Debug|Any CPU.ActiveCfg = Debug|Any CPU
		{FBDFBC17-FE1A-4565-888C-AB2B08E168DD}.Debug|Any CPU.Build.0 = Debug|Any CPU
		{FBDFBC17-FE1A-4565-888C-AB2B08E168DD}.Release|Any CPU.ActiveCfg = Release|Any CPU
		{FBDFBC17-FE1A-4565-888C-AB2B08E168DD}.Release|Any CPU.Build.0 = Release|Any CPU
		{6E3C8310-6F3C-4A55-869F-D47F6C3A3E35}.Debug|Any CPU.ActiveCfg = Debug|Any CPU
		{6E3C8310-6F3C-4A55-869F-D47F6C3A3E35}.Debug|Any CPU.Build.0 = Debug|Any CPU
		{6E3C8310-6F3C-4A55-869F-D47F6C3A3E35}.Release|Any CPU.ActiveCfg = Release|Any CPU
		{6E3C8310-6F3C-4A55-869F-D47F6C3A3E35}.Release|Any CPU.Build.0 = Release|Any CPU
		{394D83B6-29E6-4DD1-8656-38D4289C40DF}.Debug|Any CPU.ActiveCfg = Debug|Any CPU
		{394D83B6-29E6-4DD1-8656-38D4289C40DF}.Debug|Any CPU.Build.0 = Debug|Any CPU
		{394D83B6-29E6-4DD1-8656-38D4289C40DF}.Release|Any CPU.ActiveCfg = Release|Any CPU
		{394D83B6-29E6-4DD1-8656-38D4289C40DF}.Release|Any CPU.Build.0 = Release|Any CPU
		{DBBD0BD1-6D20-4039-B573-B22275D732C5}.Debug|Any CPU.ActiveCfg = Debug|Any CPU
		{DBBD0BD1-6D20-4039-B573-B22275D732C5}.Debug|Any CPU.Build.0 = Debug|Any CPU
		{DBBD0BD1-6D20-4039-B573-B22275D732C5}.Release|Any CPU.ActiveCfg = Release|Any CPU
		{DBBD0BD1-6D20-4039-B573-B22275D732C5}.Release|Any CPU.Build.0 = Release|Any CPU
		{B742C00C-643C-408D-9908-B7BCF4460E92}.Debug|Any CPU.ActiveCfg = Debug|Any CPU
		{B742C00C-643C-408D-9908-B7BCF4460E92}.Debug|Any CPU.Build.0 = Debug|Any CPU
		{B742C00C-643C-408D-9908-B7BCF4460E92}.Release|Any CPU.ActiveCfg = Release|Any CPU
		{B742C00C-643C-408D-9908-B7BCF4460E92}.Release|Any CPU.Build.0 = Release|Any CPU
		{1382DB4C-F3A3-45E7-A6EA-1FBD2C713D3B}.Debug|Any CPU.ActiveCfg = Debug|Any CPU
		{1382DB4C-F3A3-45E7-A6EA-1FBD2C713D3B}.Debug|Any CPU.Build.0 = Debug|Any CPU
		{1382DB4C-F3A3-45E7-A6EA-1FBD2C713D3B}.Release|Any CPU.ActiveCfg = Release|Any CPU
		{1382DB4C-F3A3-45E7-A6EA-1FBD2C713D3B}.Release|Any CPU.Build.0 = Release|Any CPU
		{1BD60548-4C57-4DA4-B2BB-E2BF7003FA62}.Debug|Any CPU.ActiveCfg = Debug|Any CPU
		{1BD60548-4C57-4DA4-B2BB-E2BF7003FA62}.Debug|Any CPU.Build.0 = Debug|Any CPU
		{1BD60548-4C57-4DA4-B2BB-E2BF7003FA62}.Release|Any CPU.ActiveCfg = Release|Any CPU
		{1BD60548-4C57-4DA4-B2BB-E2BF7003FA62}.Release|Any CPU.Build.0 = Release|Any CPU
		{CCBF0D16-A397-49D3-A412-E8A1F1E50773}.Debug|Any CPU.ActiveCfg = Debug|Any CPU
		{CCBF0D16-A397-49D3-A412-E8A1F1E50773}.Debug|Any CPU.Build.0 = Debug|Any CPU
		{CCBF0D16-A397-49D3-A412-E8A1F1E50773}.Release|Any CPU.ActiveCfg = Release|Any CPU
		{CCBF0D16-A397-49D3-A412-E8A1F1E50773}.Release|Any CPU.Build.0 = Release|Any CPU
		{E70F3D44-B3AE-4467-A9C5-81FEE5D7608B}.Debug|Any CPU.ActiveCfg = Debug|Any CPU
		{E70F3D44-B3AE-4467-A9C5-81FEE5D7608B}.Debug|Any CPU.Build.0 = Debug|Any CPU
		{E70F3D44-B3AE-4467-A9C5-81FEE5D7608B}.Release|Any CPU.ActiveCfg = Release|Any CPU
		{E70F3D44-B3AE-4467-A9C5-81FEE5D7608B}.Release|Any CPU.Build.0 = Release|Any CPU
		{6C39B469-C39F-41E9-BD8A-C432391F3A2F}.Debug|Any CPU.ActiveCfg = Debug|Any CPU
		{6C39B469-C39F-41E9-BD8A-C432391F3A2F}.Debug|Any CPU.Build.0 = Debug|Any CPU
		{6C39B469-C39F-41E9-BD8A-C432391F3A2F}.Release|Any CPU.ActiveCfg = Release|Any CPU
		{6C39B469-C39F-41E9-BD8A-C432391F3A2F}.Release|Any CPU.Build.0 = Release|Any CPU
		{8A28BEE8-6696-48F1-B16B-8938C19D5C3F}.Debug|Any CPU.ActiveCfg = Debug|Any CPU
		{8A28BEE8-6696-48F1-B16B-8938C19D5C3F}.Debug|Any CPU.Build.0 = Debug|Any CPU
		{8A28BEE8-6696-48F1-B16B-8938C19D5C3F}.Release|Any CPU.ActiveCfg = Release|Any CPU
		{8A28BEE8-6696-48F1-B16B-8938C19D5C3F}.Release|Any CPU.Build.0 = Release|Any CPU
		{4AF32821-8B9A-4A8B-9587-F781B7781E61}.Debug|Any CPU.ActiveCfg = Debug|Any CPU
		{4AF32821-8B9A-4A8B-9587-F781B7781E61}.Debug|Any CPU.Build.0 = Debug|Any CPU
		{4AF32821-8B9A-4A8B-9587-F781B7781E61}.Release|Any CPU.ActiveCfg = Release|Any CPU
		{4AF32821-8B9A-4A8B-9587-F781B7781E61}.Release|Any CPU.Build.0 = Release|Any CPU
		{F42A3B29-22A3-4535-A931-78C7E76BACC7}.Debug|Any CPU.ActiveCfg = Debug|Any CPU
		{F42A3B29-22A3-4535-A931-78C7E76BACC7}.Debug|Any CPU.Build.0 = Debug|Any CPU
		{F42A3B29-22A3-4535-A931-78C7E76BACC7}.Release|Any CPU.ActiveCfg = Release|Any CPU
		{F42A3B29-22A3-4535-A931-78C7E76BACC7}.Release|Any CPU.Build.0 = Release|Any CPU
		{DFDBDEF1-35F1-4AFC-B43C-C07FA8D94A32}.Debug|Any CPU.ActiveCfg = Debug|Any CPU
		{DFDBDEF1-35F1-4AFC-B43C-C07FA8D94A32}.Debug|Any CPU.Build.0 = Debug|Any CPU
		{DFDBDEF1-35F1-4AFC-B43C-C07FA8D94A32}.Release|Any CPU.ActiveCfg = Release|Any CPU
		{DFDBDEF1-35F1-4AFC-B43C-C07FA8D94A32}.Release|Any CPU.Build.0 = Release|Any CPU
		{5ED56971-A61B-410B-885A-EB5BFBD148A8}.Debug|Any CPU.ActiveCfg = Debug|Any CPU
		{5ED56971-A61B-410B-885A-EB5BFBD148A8}.Debug|Any CPU.Build.0 = Debug|Any CPU
		{5ED56971-A61B-410B-885A-EB5BFBD148A8}.Release|Any CPU.ActiveCfg = Release|Any CPU
		{5ED56971-A61B-410B-885A-EB5BFBD148A8}.Release|Any CPU.Build.0 = Release|Any CPU
		{EBF02C1D-6902-42B4-B1B6-EBC6D167E89F}.Debug|Any CPU.ActiveCfg = Debug|Any CPU
		{EBF02C1D-6902-42B4-B1B6-EBC6D167E89F}.Debug|Any CPU.Build.0 = Debug|Any CPU
		{EBF02C1D-6902-42B4-B1B6-EBC6D167E89F}.Release|Any CPU.ActiveCfg = Release|Any CPU
		{EBF02C1D-6902-42B4-B1B6-EBC6D167E89F}.Release|Any CPU.Build.0 = Release|Any CPU
		{788FB2B4-8FA4-43D7-85D7-484193F3F89F}.Debug|Any CPU.ActiveCfg = Debug|Any CPU
		{788FB2B4-8FA4-43D7-85D7-484193F3F89F}.Debug|Any CPU.Build.0 = Debug|Any CPU
		{788FB2B4-8FA4-43D7-85D7-484193F3F89F}.Release|Any CPU.ActiveCfg = Release|Any CPU
		{788FB2B4-8FA4-43D7-85D7-484193F3F89F}.Release|Any CPU.Build.0 = Release|Any CPU
		{F0A93A7C-BFCF-40CE-92FA-4EEBDA228FD6}.Debug|Any CPU.ActiveCfg = Debug|Any CPU
		{F0A93A7C-BFCF-40CE-92FA-4EEBDA228FD6}.Debug|Any CPU.Build.0 = Debug|Any CPU
		{F0A93A7C-BFCF-40CE-92FA-4EEBDA228FD6}.Release|Any CPU.ActiveCfg = Release|Any CPU
		{F0A93A7C-BFCF-40CE-92FA-4EEBDA228FD6}.Release|Any CPU.Build.0 = Release|Any CPU
		{1F4CEC0D-5997-495F-BB79-EB47E902782F}.Debug|Any CPU.ActiveCfg = Debug|Any CPU
		{1F4CEC0D-5997-495F-BB79-EB47E902782F}.Debug|Any CPU.Build.0 = Debug|Any CPU
		{1F4CEC0D-5997-495F-BB79-EB47E902782F}.Release|Any CPU.ActiveCfg = Release|Any CPU
		{1F4CEC0D-5997-495F-BB79-EB47E902782F}.Release|Any CPU.Build.0 = Release|Any CPU
		{E6DC537D-9439-4797-B8F3-A7B376A58B5B}.Debug|Any CPU.ActiveCfg = Debug|Any CPU
		{E6DC537D-9439-4797-B8F3-A7B376A58B5B}.Debug|Any CPU.Build.0 = Debug|Any CPU
		{E6DC537D-9439-4797-B8F3-A7B376A58B5B}.Release|Any CPU.ActiveCfg = Release|Any CPU
		{E6DC537D-9439-4797-B8F3-A7B376A58B5B}.Release|Any CPU.Build.0 = Release|Any CPU
		{6739A90C-88BF-4E77-86E1-3426ED2FAED6}.Debug|Any CPU.ActiveCfg = Debug|Any CPU
		{6739A90C-88BF-4E77-86E1-3426ED2FAED6}.Debug|Any CPU.Build.0 = Debug|Any CPU
		{6739A90C-88BF-4E77-86E1-3426ED2FAED6}.Release|Any CPU.ActiveCfg = Release|Any CPU
		{6739A90C-88BF-4E77-86E1-3426ED2FAED6}.Release|Any CPU.Build.0 = Release|Any CPU
		{79F67C68-A7FA-4BE6-9E1E-C8B726ECB0FE}.Debug|Any CPU.ActiveCfg = Debug|Any CPU
		{79F67C68-A7FA-4BE6-9E1E-C8B726ECB0FE}.Debug|Any CPU.Build.0 = Debug|Any CPU
		{79F67C68-A7FA-4BE6-9E1E-C8B726ECB0FE}.Release|Any CPU.ActiveCfg = Release|Any CPU
		{79F67C68-A7FA-4BE6-9E1E-C8B726ECB0FE}.Release|Any CPU.Build.0 = Release|Any CPU
		{0F90AF90-33F5-487B-9379-B5F845C3A2B6}.Debug|Any CPU.ActiveCfg = Debug|Any CPU
		{0F90AF90-33F5-487B-9379-B5F845C3A2B6}.Debug|Any CPU.Build.0 = Debug|Any CPU
		{0F90AF90-33F5-487B-9379-B5F845C3A2B6}.Release|Any CPU.ActiveCfg = Release|Any CPU
		{0F90AF90-33F5-487B-9379-B5F845C3A2B6}.Release|Any CPU.Build.0 = Release|Any CPU
	EndGlobalSection
	GlobalSection(SolutionProperties) = preSolution
		HideSolutionNode = FALSE
	EndGlobalSection
	GlobalSection(NestedProjects) = preSolution
		{B742C00C-643C-408D-9908-B7BCF4460E92} = {3EDD4B9D-8D73-4BCC-A27E-AA8D83C075C0}
		{1382DB4C-F3A3-45E7-A6EA-1FBD2C713D3B} = {3EDD4B9D-8D73-4BCC-A27E-AA8D83C075C0}
		{1BD60548-4C57-4DA4-B2BB-E2BF7003FA62} = {3EDD4B9D-8D73-4BCC-A27E-AA8D83C075C0}
		{CCBF0D16-A397-49D3-A412-E8A1F1E50773} = {3EDD4B9D-8D73-4BCC-A27E-AA8D83C075C0}
		{E70F3D44-B3AE-4467-A9C5-81FEE5D7608B} = {1B32B6A6-A7F4-452F-BE88-372F04F9110C}
		{6C39B469-C39F-41E9-BD8A-C432391F3A2F} = {1B32B6A6-A7F4-452F-BE88-372F04F9110C}
		{8A28BEE8-6696-48F1-B16B-8938C19D5C3F} = {1B32B6A6-A7F4-452F-BE88-372F04F9110C}
		{4AF32821-8B9A-4A8B-9587-F781B7781E61} = {1B32B6A6-A7F4-452F-BE88-372F04F9110C}
		{F42A3B29-22A3-4535-A931-78C7E76BACC7} = {1B32B6A6-A7F4-452F-BE88-372F04F9110C}
		{DFDBDEF1-35F1-4AFC-B43C-C07FA8D94A32} = {73EA173D-04C2-486B-8C3B-6B868BF7448E}
		{5ED56971-A61B-410B-885A-EB5BFBD148A8} = {73EA173D-04C2-486B-8C3B-6B868BF7448E}
		{EBF02C1D-6902-42B4-B1B6-EBC6D167E89F} = {73EA173D-04C2-486B-8C3B-6B868BF7448E}
		{788FB2B4-8FA4-43D7-85D7-484193F3F89F} = {324D0796-FC44-4751-87D8-75FB7A407A86}
		{F0A93A7C-BFCF-40CE-92FA-4EEBDA228FD6} = {324D0796-FC44-4751-87D8-75FB7A407A86}
		{1F4CEC0D-5997-495F-BB79-EB47E902782F} = {324D0796-FC44-4751-87D8-75FB7A407A86}
		{E6DC537D-9439-4797-B8F3-A7B376A58B5B} = {FBB282AC-03AA-4E19-978A-8B40A2B1E57B}
		{6739A90C-88BF-4E77-86E1-3426ED2FAED6} = {FBB282AC-03AA-4E19-978A-8B40A2B1E57B}
		{79F67C68-A7FA-4BE6-9E1E-C8B726ECB0FE} = {FBB282AC-03AA-4E19-978A-8B40A2B1E57B}
		{0F90AF90-33F5-487B-9379-B5F845C3A2B6} = {FBB282AC-03AA-4E19-978A-8B40A2B1E57B}
	EndGlobalSection
	GlobalSection(ExtensibilityGlobals) = postSolution
		SolutionGuid = {8F236C1A-A429-430A-8896-E20D37E1F87D}
	EndGlobalSection
EndGlobal
